
Microsoft Visual Studio Solution File, Format Version 12.00
# Visual Studio 15
VisualStudioVersion = 15.0.27130.2027
MinimumVisualStudioVersion = 10.0.40219.1
Project("{FAE04EC0-301F-11D3-BF4B-00C04F79EFBC}") = "ApplicationB", "ApplicationB\ApplicationB.csproj", "{DF27E770-3A9E-4A77-8CF6-B49F34CB2AEC}"
EndProject
Project("{FAE04EC0-301F-11D3-BF4B-00C04F79EFBC}") = "ApplicationA", "ApplicationA\ApplicationA.csproj", "{560166A1-CF41-4CC0-8B4E-27A9FB5D2627}"
EndProject
Global
	GlobalSection(SolutionConfigurationPlatforms) = preSolution
		Debug|Any CPU = Debug|Any CPU
		Release|Any CPU = Release|Any CPU
	EndGlobalSection
	GlobalSection(ProjectConfigurationPlatforms) = postSolution
		{DF27E770-3A9E-4A77-8CF6-B49F34CB2AEC}.Debug|Any CPU.ActiveCfg = Debug|Any CPU
		{DF27E770-3A9E-4A77-8CF6-B49F34CB2AEC}.Debug|Any CPU.Build.0 = Debug|Any CPU
		{DF27E770-3A9E-4A77-8CF6-B49F34CB2AEC}.Release|Any CPU.ActiveCfg = Release|Any CPU
		{DF27E770-3A9E-4A77-8CF6-B49F34CB2AEC}.Release|Any CPU.Build.0 = Release|Any CPU
		{560166A1-CF41-4CC0-8B4E-27A9FB5D2627}.Debug|Any CPU.ActiveCfg = Debug|Any CPU
		{560166A1-CF41-4CC0-8B4E-27A9FB5D2627}.Debug|Any CPU.Build.0 = Debug|Any CPU
		{560166A1-CF41-4CC0-8B4E-27A9FB5D2627}.Release|Any CPU.ActiveCfg = Release|Any CPU
		{560166A1-CF41-4CC0-8B4E-27A9FB5D2627}.Release|Any CPU.Build.0 = Release|Any CPU
	EndGlobalSection
	GlobalSection(SolutionProperties) = preSolution
		HideSolutionNode = FALSE
	EndGlobalSection
	GlobalSection(ExtensibilityGlobals) = postSolution
		SolutionGuid = {44307C9E-11FD-4D88-A0E8-3EB1BA50BC93}
	EndGlobalSection
EndGlobal
